
Microsoft Visual Studio Solution File, Format Version 12.00
# Visual Studio Version 17
VisualStudioVersion = 17.4.33213.308
MinimumVisualStudioVersion = 10.0.40219.1
Project("{FAE04EC0-301F-11D3-BF4B-00C04F79EFBC}") = "FluentApi", "FluentApi.csproj", "{17BCC24C-474F-46DC-8682-97D553951CB4}"
EndProject
Global
	GlobalSection(SolutionConfigurationPlatforms) = preSolution
		Debug|Any CPU = Debug|Any CPU
		Release|Any CPU = Release|Any CPU
	EndGlobalSection
	GlobalSection(ProjectConfigurationPlatforms) = postSolution
		{17BCC24C-474F-46DC-8682-97D553951CB4}.Debug|Any CPU.ActiveCfg = Debug|Any CPU
		{17BCC24C-474F-46DC-8682-97D553951CB4}.Debug|Any CPU.Build.0 = Debug|Any CPU
		{17BCC24C-474F-46DC-8682-97D553951CB4}.Release|Any CPU.ActiveCfg = Release|Any CPU
		{17BCC24C-474F-46DC-8682-97D553951CB4}.Release|Any CPU.Build.0 = Release|Any CPU
	EndGlobalSection
	GlobalSection(SolutionProperties) = preSolution
		HideSolutionNode = FALSE
	EndGlobalSection
	GlobalSection(ExtensibilityGlobals) = postSolution
		SolutionGuid = {8DA20C15-4B46-4A31-BDFF-FF4F48BAB743}
	EndGlobalSection
EndGlobal
